
Microsoft Visual Studio Solution File, Format Version 12.00
# Visual Studio Version 17
VisualStudioVersion = 17.12.35707.178
MinimumVisualStudioVersion = 10.0.40219.1
Project("{FAE04EC0-301F-11D3-BF4B-00C04F79EFBC}") = "Wonder.Refit.Attributes", "src\Wonder.Refit.Attributes\Wonder.Refit.Attributes.csproj", "{BF72A8D1-97E0-4C40-A94F-B520B3AD69A0}"
EndProject
Project("{2150E333-8FDC-42A3-9474-1A3956D46DE8}") = "Files", "Files", "{FCCCD415-95A4-438E-A0FF-60629DD55F65}"
	ProjectSection(SolutionItems) = preProject
		.editorconfig = .editorconfig
		.gitignore = .gitignore
		Directory.Build.props = Directory.Build.props
		Directory.Packages.props = Directory.Packages.props
		nuget.config = nuget.config
	EndProjectSection
EndProject
Global
	GlobalSection(SolutionConfigurationPlatforms) = preSolution
		Debug|Any CPU = Debug|Any CPU
		Release|Any CPU = Release|Any CPU
	EndGlobalSection
	GlobalSection(ProjectConfigurationPlatforms) = postSolution
		{BF72A8D1-97E0-4C40-A94F-B520B3AD69A0}.Debug|Any CPU.ActiveCfg = Debug|Any CPU
		{BF72A8D1-97E0-4C40-A94F-B520B3AD69A0}.Debug|Any CPU.Build.0 = Debug|Any CPU
		{BF72A8D1-97E0-4C40-A94F-B520B3AD69A0}.Release|Any CPU.ActiveCfg = Release|Any CPU
		{BF72A8D1-97E0-4C40-A94F-B520B3AD69A0}.Release|Any CPU.Build.0 = Release|Any CPU
	EndGlobalSection
	GlobalSection(SolutionProperties) = preSolution
		HideSolutionNode = FALSE
	EndGlobalSection
EndGlobal
